
Microsoft Visual Studio Solution File, Format Version 12.00
# Visual Studio Version 17
VisualStudioVersion = 17.9.34616.47
MinimumVisualStudioVersion = 10.0.40219.1
Project("{FAE04EC0-301F-11D3-BF4B-00C04F79EFBC}") = "HerenciaPOO", "HerenciaPOO\HerenciaPOO.csproj", "{EAEB012B-F32D-43E7-BC23-90BB0B8AB5DE}"
EndProject
Global
	GlobalSection(SolutionConfigurationPlatforms) = preSolution
		Debug|Any CPU = Debug|Any CPU
		Release|Any CPU = Release|Any CPU
	EndGlobalSection
	GlobalSection(ProjectConfigurationPlatforms) = postSolution
		{EAEB012B-F32D-43E7-BC23-90BB0B8AB5DE}.Debug|Any CPU.ActiveCfg = Debug|Any CPU
		{EAEB012B-F32D-43E7-BC23-90BB0B8AB5DE}.Debug|Any CPU.Build.0 = Debug|Any CPU
		{EAEB012B-F32D-43E7-BC23-90BB0B8AB5DE}.Release|Any CPU.ActiveCfg = Release|Any CPU
		{EAEB012B-F32D-43E7-BC23-90BB0B8AB5DE}.Release|Any CPU.Build.0 = Release|Any CPU
	EndGlobalSection
	GlobalSection(SolutionProperties) = preSolution
		HideSolutionNode = FALSE
	EndGlobalSection
	GlobalSection(ExtensibilityGlobals) = postSolution
		SolutionGuid = {B18667F3-54C4-4898-B7AF-40B6769AEC1F}
	EndGlobalSection
EndGlobal
